
Microsoft Visual Studio Solution File, Format Version 12.00
# Visual Studio Version 16
VisualStudioVersion = 16.0.32106.194
MinimumVisualStudioVersion = 10.0.40219.1
Project("{FAE04EC0-301F-11D3-BF4B-00C04F79EFBC}") = "Pokedex_2022", "Pokedex_2022\Pokedex_2022.csproj", "{D29A0AC8-A988-4BAC-8330-A704FCCAB4E7}"
EndProject
Global
	GlobalSection(SolutionConfigurationPlatforms) = preSolution
		Debug|Any CPU = Debug|Any CPU
		Release|Any CPU = Release|Any CPU
	EndGlobalSection
	GlobalSection(ProjectConfigurationPlatforms) = postSolution
		{D29A0AC8-A988-4BAC-8330-A704FCCAB4E7}.Debug|Any CPU.ActiveCfg = Debug|Any CPU
		{D29A0AC8-A988-4BAC-8330-A704FCCAB4E7}.Debug|Any CPU.Build.0 = Debug|Any CPU
		{D29A0AC8-A988-4BAC-8330-A704FCCAB4E7}.Release|Any CPU.ActiveCfg = Release|Any CPU
		{D29A0AC8-A988-4BAC-8330-A704FCCAB4E7}.Release|Any CPU.Build.0 = Release|Any CPU
	EndGlobalSection
	GlobalSection(SolutionProperties) = preSolution
		HideSolutionNode = FALSE
	EndGlobalSection
	GlobalSection(ExtensibilityGlobals) = postSolution
		SolutionGuid = {E8F3F902-9E64-4DFC-9A8F-B74F10BFC92F}
	EndGlobalSection
EndGlobal
